
Microsoft Visual Studio Solution File, Format Version 12.00
# Visual Studio 14
VisualStudioVersion = 14.0.25420.1
MinimumVisualStudioVersion = 10.0.40219.1
Project("{2150E333-8FDC-42A3-9474-1A3956D46DE8}") = "src", "src", "{C5953AAA-B3FA-47EE-9981-C496DF284C4F}"
EndProject
Project("{2150E333-8FDC-42A3-9474-1A3956D46DE8}") = "Solution Items", "Solution Items", "{0C6720EE-B630-4721-AFE5-1B8D15B2ED8B}"
	ProjectSection(SolutionItems) = preProject
		global.json = global.json
	EndProjectSection
EndProject
Project("{FAE04EC0-301F-11D3-BF4B-00C04F79EFBC}") = "WeShow", "WeShow\WeShow.csproj", "{C15C7FA5-99D7-4567-86A1-26678339CB2B}"
EndProject
Project("{2150E333-8FDC-42A3-9474-1A3956D46DE8}") = "Test", "Test", "{4293AF65-BE7F-4D6C-9D61-5C50FD883C19}"
EndProject
Project("{FAE04EC0-301F-11D3-BF4B-00C04F79EFBC}") = "Sample", "Sample\Sample.csproj", "{61231088-371F-4C67-A8F1-351D4E297319}"
EndProject
Global
	GlobalSection(SolutionConfigurationPlatforms) = preSolution
		Debug|Any CPU = Debug|Any CPU
		Release|Any CPU = Release|Any CPU
	EndGlobalSection
	GlobalSection(ProjectConfigurationPlatforms) = postSolution
		{C15C7FA5-99D7-4567-86A1-26678339CB2B}.Debug|Any CPU.ActiveCfg = Debug|Any CPU
		{C15C7FA5-99D7-4567-86A1-26678339CB2B}.Debug|Any CPU.Build.0 = Debug|Any CPU
		{C15C7FA5-99D7-4567-86A1-26678339CB2B}.Release|Any CPU.ActiveCfg = Release|Any CPU
		{C15C7FA5-99D7-4567-86A1-26678339CB2B}.Release|Any CPU.Build.0 = Release|Any CPU
		{61231088-371F-4C67-A8F1-351D4E297319}.Debug|Any CPU.ActiveCfg = Debug|Any CPU
		{61231088-371F-4C67-A8F1-351D4E297319}.Debug|Any CPU.Build.0 = Debug|Any CPU
		{61231088-371F-4C67-A8F1-351D4E297319}.Release|Any CPU.ActiveCfg = Release|Any CPU
		{61231088-371F-4C67-A8F1-351D4E297319}.Release|Any CPU.Build.0 = Release|Any CPU
	EndGlobalSection
	GlobalSection(SolutionProperties) = preSolution
		HideSolutionNode = FALSE
	EndGlobalSection
	GlobalSection(NestedProjects) = preSolution
		{C15C7FA5-99D7-4567-86A1-26678339CB2B} = {C5953AAA-B3FA-47EE-9981-C496DF284C4F}
		{61231088-371F-4C67-A8F1-351D4E297319} = {4293AF65-BE7F-4D6C-9D61-5C50FD883C19}
	EndGlobalSection
EndGlobal
